
Microsoft Visual Studio Solution File, Format Version 12.00
# Visual Studio Version 16
VisualStudioVersion = 16.0.33927.289
MinimumVisualStudioVersion = 10.0.40219.1
Project("{2150E333-8FDC-42A3-9474-1A3956D46DE8}") = "Task1", "Task1", "{02C5E077-142E-4B7E-820C-34D2DFA796F0}"
EndProject
Project("{2150E333-8FDC-42A3-9474-1A3956D46DE8}") = "Task0", "Task0", "{D9F3F952-C93B-412F-B886-88AD239C9AA7}"
EndProject
Project("{2150E333-8FDC-42A3-9474-1A3956D46DE8}") = "Task2", "Task2", "{1F64F41F-1ED7-47E1-A0ED-83EB89216225}"
EndProject
Project("{2150E333-8FDC-42A3-9474-1A3956D46DE8}") = "Task3", "Task3", "{99D1A001-1DFA-4DE3-AB71-925DF247CA40}"
EndProject
Project("{2150E333-8FDC-42A3-9474-1A3956D46DE8}") = "Task4", "Task4", "{2D507D37-20F0-4F55-9528-D702E395A01A}"
EndProject
Project("{2150E333-8FDC-42A3-9474-1A3956D46DE8}") = "Task5", "Task5", "{AEE507DC-0368-4F99-8425-7E477F86411F}"
EndProject
Project("{2150E333-8FDC-42A3-9474-1A3956D46DE8}") = "Task6", "Task6", "{43FF7F99-76FD-47B0-9E2B-60F7272FFBD9}"
EndProject
Project("{2150E333-8FDC-42A3-9474-1A3956D46DE8}") = "Task7", "Task7", "{51E555DD-8C40-4507-8C5D-78D6399C0C7C}"
EndProject
Project("{FAE04EC0-301F-11D3-BF4B-00C04F79EFBC}") = "Tyuiu.SodnomovVM.Sprint4.Task0.V2", "Tyuiu.SodnomovVM.Sprint4.Task0.V2\Tyuiu.SodnomovVM.Sprint4.Task0.V2.csproj", "{76C14872-B6C8-49B9-9160-6321311CE78E}"
EndProject
Project("{FAE04EC0-301F-11D3-BF4B-00C04F79EFBC}") = "Tyuiu.SodnomovVM.Sprint4.Task0.V2.Test", "Tyuiu.SodnomovVM.Sprint4.Task0.V2.Test\Tyuiu.SodnomovVM.Sprint4.Task0.V2.Test.csproj", "{1CBB9DEE-9610-48E8-97A5-9AD3A4C07BF1}"
EndProject
Project("{FAE04EC0-301F-11D3-BF4B-00C04F79EFBC}") = "Tyuiu.SodnomovVM.Sprint4.Task0.V2.Lib", "Tyuiu.SodnomovVM.Sprint4.Task0.V2.Lib\Tyuiu.SodnomovVM.Sprint4.Task0.V2.Lib.csproj", "{65C179A5-7432-4800-A01D-A085AF570C9F}"
EndProject
Project("{FAE04EC0-301F-11D3-BF4B-00C04F79EFBC}") = "Tyuiu.SodnomovVM.Sprint4.Task1.V19", "Tyuiu.SodnomovVM.Sprint4.Task1.V19\Tyuiu.SodnomovVM.Sprint4.Task1.V19.csproj", "{58F4F032-45CC-4992-8AE8-CB4840E5A67B}"
EndProject
Project("{FAE04EC0-301F-11D3-BF4B-00C04F79EFBC}") = "Tyuiu.SodnomovVM.Sprint4.Task1.V19.Lib", "Tyuiu.SodnomovVM.Sprint4.Task1.V19.Lib\Tyuiu.SodnomovVM.Sprint4.Task1.V19.Lib.csproj", "{B0E40D68-8A9F-4510-833F-80898B166E17}"
EndProject
Project("{FAE04EC0-301F-11D3-BF4B-00C04F79EFBC}") = "Tyuiu.SodnomovVM.Sprint4.Task1.V19.Test", "Tyuiu.SodnomovVM.Sprint4.Task1.V19.Test\Tyuiu.SodnomovVM.Sprint4.Task1.V19.Test.csproj", "{6DC1826A-D0F9-4B20-9FF3-E733EB7DB914}"
EndProject
Project("{FAE04EC0-301F-11D3-BF4B-00C04F79EFBC}") = "Tyuiu.SodnomovVM.Sprint4.Task2.V20", "Tyuiu.SodnomovVM.Sprint4.Task2.V20\Tyuiu.SodnomovVM.Sprint4.Task2.V20.csproj", "{FD758C1F-9559-4724-B60F-636578408960}"
EndProject
Project("{FAE04EC0-301F-11D3-BF4B-00C04F79EFBC}") = "Tyuiu.SodnomovVM.Sprint4.Task2.V20.Test", "Tyuiu.SodnomovVM.Sprint4.Task2.V20.Test\Tyuiu.SodnomovVM.Sprint4.Task2.V20.Test.csproj", "{5C1C24E8-D0FE-461F-A864-40FA4066641D}"
EndProject
Project("{FAE04EC0-301F-11D3-BF4B-00C04F79EFBC}") = "Tyuiu.SodnomovVM.Sprint4.Task2.V20.Lib", "Tyuiu.SodnomovVM.Sprint4.Task2.V20.Lib\Tyuiu.SodnomovVM.Sprint4.Task2.V20.Lib.csproj", "{34F57141-1444-449F-9BD1-FE2E6ADE932A}"
EndProject
Project("{FAE04EC0-301F-11D3-BF4B-00C04F79EFBC}") = "Tyuiu.SodnomovVM.Sprint4.Task3.V11", "Tyuiu.SodnomovVM.Sprint4.Task3.V11\Tyuiu.SodnomovVM.Sprint4.Task3.V11.csproj", "{E2B5625E-A148-4630-BF0F-602006C85FCA}"
EndProject
Project("{FAE04EC0-301F-11D3-BF4B-00C04F79EFBC}") = "Tyuiu.SodnomovVM.Sprint4.Task3.V11.Lib", "Tyuiu.SodnomovVM.Sprint4.Task3.V11.Lib\Tyuiu.SodnomovVM.Sprint4.Task3.V11.Lib.csproj", "{EA3D810E-2FFD-42C5-9ECA-6C754452E1FC}"
EndProject
Project("{FAE04EC0-301F-11D3-BF4B-00C04F79EFBC}") = "Tyuiu.SodnomovVM.Sprint4.Task3.V11.Test", "Tyuiu.SodnomovVM.Sprint4.Task3.V11.Test\Tyuiu.SodnomovVM.Sprint4.Task3.V11.Test.csproj", "{371A5C47-C7CE-4E8C-A716-5090EA01E211}"
EndProject
Global
	GlobalSection(SolutionConfigurationPlatforms) = preSolution
		Debug|Any CPU = Debug|Any CPU
		Release|Any CPU = Release|Any CPU
	EndGlobalSection
	GlobalSection(ProjectConfigurationPlatforms) = postSolution
		{76C14872-B6C8-49B9-9160-6321311CE78E}.Debug|Any CPU.ActiveCfg = Debug|Any CPU
		{76C14872-B6C8-49B9-9160-6321311CE78E}.Debug|Any CPU.Build.0 = Debug|Any CPU
		{76C14872-B6C8-49B9-9160-6321311CE78E}.Release|Any CPU.ActiveCfg = Release|Any CPU
		{76C14872-B6C8-49B9-9160-6321311CE78E}.Release|Any CPU.Build.0 = Release|Any CPU
		{1CBB9DEE-9610-48E8-97A5-9AD3A4C07BF1}.Debug|Any CPU.ActiveCfg = Debug|Any CPU
		{1CBB9DEE-9610-48E8-97A5-9AD3A4C07BF1}.Debug|Any CPU.Build.0 = Debug|Any CPU
		{1CBB9DEE-9610-48E8-97A5-9AD3A4C07BF1}.Release|Any CPU.ActiveCfg = Release|Any CPU
		{1CBB9DEE-9610-48E8-97A5-9AD3A4C07BF1}.Release|Any CPU.Build.0 = Release|Any CPU
		{65C179A5-7432-4800-A01D-A085AF570C9F}.Debug|Any CPU.ActiveCfg = Debug|Any CPU
		{65C179A5-7432-4800-A01D-A085AF570C9F}.Debug|Any CPU.Build.0 = Debug|Any CPU
		{65C179A5-7432-4800-A01D-A085AF570C9F}.Release|Any CPU.ActiveCfg = Release|Any CPU
		{65C179A5-7432-4800-A01D-A085AF570C9F}.Release|Any CPU.Build.0 = Release|Any CPU
		{58F4F032-45CC-4992-8AE8-CB4840E5A67B}.Debug|Any CPU.ActiveCfg = Debug|Any CPU
		{58F4F032-45CC-4992-8AE8-CB4840E5A67B}.Debug|Any CPU.Build.0 = Debug|Any CPU
		{58F4F032-45CC-4992-8AE8-CB4840E5A67B}.Release|Any CPU.ActiveCfg = Release|Any CPU
		{58F4F032-45CC-4992-8AE8-CB4840E5A67B}.Release|Any CPU.Build.0 = Release|Any CPU
		{B0E40D68-8A9F-4510-833F-80898B166E17}.Debug|Any CPU.ActiveCfg = Debug|Any CPU
		{B0E40D68-8A9F-4510-833F-80898B166E17}.Debug|Any CPU.Build.0 = Debug|Any CPU
		{B0E40D68-8A9F-4510-833F-80898B166E17}.Release|Any CPU.ActiveCfg = Release|Any CPU
		{B0E40D68-8A9F-4510-833F-80898B166E17}.Release|Any CPU.Build.0 = Release|Any CPU
		{6DC1826A-D0F9-4B20-9FF3-E733EB7DB914}.Debug|Any CPU.ActiveCfg = Debug|Any CPU
		{6DC1826A-D0F9-4B20-9FF3-E733EB7DB914}.Debug|Any CPU.Build.0 = Debug|Any CPU
		{6DC1826A-D0F9-4B20-9FF3-E733EB7DB914}.Release|Any CPU.ActiveCfg = Release|Any CPU
		{6DC1826A-D0F9-4B20-9FF3-E733EB7DB914}.Release|Any CPU.Build.0 = Release|Any CPU
		{FD758C1F-9559-4724-B60F-636578408960}.Debug|Any CPU.ActiveCfg = Debug|Any CPU
		{FD758C1F-9559-4724-B60F-636578408960}.Debug|Any CPU.Build.0 = Debug|Any CPU
		{FD758C1F-9559-4724-B60F-636578408960}.Release|Any CPU.ActiveCfg = Release|Any CPU
		{FD758C1F-9559-4724-B60F-636578408960}.Release|Any CPU.Build.0 = Release|Any CPU
		{5C1C24E8-D0FE-461F-A864-40FA4066641D}.Debug|Any CPU.ActiveCfg = Debug|Any CPU
		{5C1C24E8-D0FE-461F-A864-40FA4066641D}.Debug|Any CPU.Build.0 = Debug|Any CPU
		{5C1C24E8-D0FE-461F-A864-40FA4066641D}.Release|Any CPU.ActiveCfg = Release|Any CPU
		{5C1C24E8-D0FE-461F-A864-40FA4066641D}.Release|Any CPU.Build.0 = Release|Any CPU
		{34F57141-1444-449F-9BD1-FE2E6ADE932A}.Debug|Any CPU.ActiveCfg = Debug|Any CPU
		{34F57141-1444-449F-9BD1-FE2E6ADE932A}.Debug|Any CPU.Build.0 = Debug|Any CPU
		{34F57141-1444-449F-9BD1-FE2E6ADE932A}.Release|Any CPU.ActiveCfg = Release|Any CPU
		{34F57141-1444-449F-9BD1-FE2E6ADE932A}.Release|Any CPU.Build.0 = Release|Any CPU
		{E2B5625E-A148-4630-BF0F-602006C85FCA}.Debug|Any CPU.ActiveCfg = Debug|Any CPU
		{E2B5625E-A148-4630-BF0F-602006C85FCA}.Debug|Any CPU.Build.0 = Debug|Any CPU
		{E2B5625E-A148-4630-BF0F-602006C85FCA}.Release|Any CPU.ActiveCfg = Release|Any CPU
		{E2B5625E-A148-4630-BF0F-602006C85FCA}.Release|Any CPU.Build.0 = Release|Any CPU
		{EA3D810E-2FFD-42C5-9ECA-6C754452E1FC}.Debug|Any CPU.ActiveCfg = Debug|Any CPU
		{EA3D810E-2FFD-42C5-9ECA-6C754452E1FC}.Debug|Any CPU.Build.0 = Debug|Any CPU
		{EA3D810E-2FFD-42C5-9ECA-6C754452E1FC}.Release|Any CPU.ActiveCfg = Release|Any CPU
		{EA3D810E-2FFD-42C5-9ECA-6C754452E1FC}.Release|Any CPU.Build.0 = Release|Any CPU
		{371A5C47-C7CE-4E8C-A716-5090EA01E211}.Debug|Any CPU.ActiveCfg = Debug|Any CPU
		{371A5C47-C7CE-4E8C-A716-5090EA01E211}.Debug|Any CPU.Build.0 = Debug|Any CPU
		{371A5C47-C7CE-4E8C-A716-5090EA01E211}.Release|Any CPU.ActiveCfg = Release|Any CPU
		{371A5C47-C7CE-4E8C-A716-5090EA01E211}.Release|Any CPU.Build.0 = Release|Any CPU
	EndGlobalSection
	GlobalSection(SolutionProperties) = preSolution
		HideSolutionNode = FALSE
	EndGlobalSection
	GlobalSection(NestedProjects) = preSolution
		{76C14872-B6C8-49B9-9160-6321311CE78E} = {D9F3F952-C93B-412F-B886-88AD239C9AA7}
		{1CBB9DEE-9610-48E8-97A5-9AD3A4C07BF1} = {D9F3F952-C93B-412F-B886-88AD239C9AA7}
		{65C179A5-7432-4800-A01D-A085AF570C9F} = {D9F3F952-C93B-412F-B886-88AD239C9AA7}
		{58F4F032-45CC-4992-8AE8-CB4840E5A67B} = {02C5E077-142E-4B7E-820C-34D2DFA796F0}
		{B0E40D68-8A9F-4510-833F-80898B166E17} = {02C5E077-142E-4B7E-820C-34D2DFA796F0}
		{6DC1826A-D0F9-4B20-9FF3-E733EB7DB914} = {02C5E077-142E-4B7E-820C-34D2DFA796F0}
		{FD758C1F-9559-4724-B60F-636578408960} = {1F64F41F-1ED7-47E1-A0ED-83EB89216225}
		{5C1C24E8-D0FE-461F-A864-40FA4066641D} = {1F64F41F-1ED7-47E1-A0ED-83EB89216225}
		{34F57141-1444-449F-9BD1-FE2E6ADE932A} = {1F64F41F-1ED7-47E1-A0ED-83EB89216225}
		{E2B5625E-A148-4630-BF0F-602006C85FCA} = {99D1A001-1DFA-4DE3-AB71-925DF247CA40}
		{EA3D810E-2FFD-42C5-9ECA-6C754452E1FC} = {99D1A001-1DFA-4DE3-AB71-925DF247CA40}
		{371A5C47-C7CE-4E8C-A716-5090EA01E211} = {99D1A001-1DFA-4DE3-AB71-925DF247CA40}
	EndGlobalSection
	GlobalSection(ExtensibilityGlobals) = postSolution
		SolutionGuid = {D8A24CBA-5774-4FC0-95E3-80C3C0756481}
	EndGlobalSection
EndGlobal
